
Microsoft Visual Studio Solution File, Format Version 12.00
# Visual Studio Version 17
VisualStudioVersion = 17.1.32407.343
MinimumVisualStudioVersion = 10.0.40219.1
Project("{FAE04EC0-301F-11D3-BF4B-00C04F79EFBC}") = "MineTerninger", "MineTerninger\MineTerninger.csproj", "{B317F58F-550E-48F9-96F1-5468ECF8771E}"
EndProject
Project("{FAE04EC0-301F-11D3-BF4B-00C04F79EFBC}") = "Maskine", "Maskine\Maskine.csproj", "{4A39FBAE-92ED-4C75-ADE5-B327AE8EBA04}"
EndProject
Global
	GlobalSection(SolutionConfigurationPlatforms) = preSolution
		Debug|Any CPU = Debug|Any CPU
		Release|Any CPU = Release|Any CPU
	EndGlobalSection
	GlobalSection(ProjectConfigurationPlatforms) = postSolution
		{B317F58F-550E-48F9-96F1-5468ECF8771E}.Debug|Any CPU.ActiveCfg = Debug|Any CPU
		{B317F58F-550E-48F9-96F1-5468ECF8771E}.Debug|Any CPU.Build.0 = Debug|Any CPU
		{B317F58F-550E-48F9-96F1-5468ECF8771E}.Release|Any CPU.ActiveCfg = Release|Any CPU
		{B317F58F-550E-48F9-96F1-5468ECF8771E}.Release|Any CPU.Build.0 = Release|Any CPU
		{4A39FBAE-92ED-4C75-ADE5-B327AE8EBA04}.Debug|Any CPU.ActiveCfg = Debug|Any CPU
		{4A39FBAE-92ED-4C75-ADE5-B327AE8EBA04}.Debug|Any CPU.Build.0 = Debug|Any CPU
		{4A39FBAE-92ED-4C75-ADE5-B327AE8EBA04}.Release|Any CPU.ActiveCfg = Release|Any CPU
		{4A39FBAE-92ED-4C75-ADE5-B327AE8EBA04}.Release|Any CPU.Build.0 = Release|Any CPU
	EndGlobalSection
	GlobalSection(SolutionProperties) = preSolution
		HideSolutionNode = FALSE
	EndGlobalSection
	GlobalSection(ExtensibilityGlobals) = postSolution
		SolutionGuid = {FE33686D-6C5A-48AA-9118-13BA1EACEB19}
	EndGlobalSection
EndGlobal
